// !$*UTF8*$!
{
	archiveVersion = 1;
	classes = {
	};
	objectVersion = 50;
	objects = {

/* Begin PBXBuildFile section */
		1FDDDD1A23AF39CA00953258 /* AppDelegate.swift in Sources */ = {isa = PBXBuildFile; fileRef = 1FDDDD1923AF39CA00953258 /* AppDelegate.swift */; };
		1FDDDD1F23AF39CA00953258 /* Main.storyboard in Resources */ = {isa = PBXBuildFile; fileRef = 1FDDDD1D23AF39CA00953258 /* Main.storyboard */; };
		1FDDDD2123AF39CA00953258 /* Assets.xcassets in Resources */ = {isa = PBXBuildFile; fileRef = 1FDDDD2023AF39CA00953258 /* Assets.xcassets */; };
		1FDDDD2423AF39CA00953258 /* LaunchScreen.storyboard in Resources */ = {isa = PBXBuildFile; fileRef = 1FDDDD2223AF39CA00953258 /* LaunchScreen.storyboard */; };
		1FDDDD2F23AF39CA00953258 /* MarketPulseCodingTestTests.swift in Sources */ = {isa = PBXBuildFile; fileRef = 1FDDDD2E23AF39CA00953258 /* MarketPulseCodingTestTests.swift */; };
		1FDDDD3A23AF39CA00953258 /* MarketPulseCodingTestUITests.swift in Sources */ = {isa = PBXBuildFile; fileRef = 1FDDDD3923AF39CA00953258 /* MarketPulseCodingTestUITests.swift */; };
		1FDDDD4B23AF3DAC00953258 /* FeedTVCell.swift in Sources */ = {isa = PBXBuildFile; fileRef = 1FDDDD4A23AF3DAC00953258 /* FeedTVCell.swift */; };
		1FDDDD4D23AF3E1700953258 /* FeedTableViewController.swift in Sources */ = {isa = PBXBuildFile; fileRef = 1FDDDD4C23AF3E1700953258 /* FeedTableViewController.swift */; };
		1FDDDD5323AF409300953258 /* ApiClient.swift in Sources */ = {isa = PBXBuildFile; fileRef = 1FDDDD5223AF409300953258 /* ApiClient.swift */; };
		1FDDDD5623AF46A400953258 /* RequestModel.swift in Sources */ = {isa = PBXBuildFile; fileRef = 1FDDDD5523AF46A400953258 /* RequestModel.swift */; };
		1FDDDD5923AF4F2700953258 /* FeedDetailViewController.swift in Sources */ = {isa = PBXBuildFile; fileRef = 1FDDDD5823AF4F2700953258 /* FeedDetailViewController.swift */; };
/* End PBXBuildFile section */

/* Begin PBXContainerItemProxy section */
		1FDDDD2B23AF39CA00953258 /* PBXContainerItemProxy */ = {
			isa = PBXContainerItemProxy;
			containerPortal = 1FDDDD0E23AF39CA00953258 /* Project object */;
			proxyType = 1;
			remoteGlobalIDString = 1FDDDD1523AF39CA00953258;
			remoteInfo = MarketPulseCodingTest;
		};
		1FDDDD3623AF39CA00953258 /* PBXContainerItemProxy */ = {
			isa = PBXContainerItemProxy;
			containerPortal = 1FDDDD0E23AF39CA00953258 /* Project object */;
			proxyType = 1;
			remoteGlobalIDString = 1FDDDD1523AF39CA00953258;
			remoteInfo = MarketPulseCodingTest;
		};
/* End PBXContainerItemProxy section */

/* Begin PBXFileReference section */
		1FDDDD1623AF39CA00953258 /* MarketPulseCodingTest.app */ = {isa = PBXFileReference; explicitFileType = wrapper.application; includeInIndex = 0; path = MarketPulseCodingTest.app; sourceTree = BUILT_PRODUCTS_DIR; };
		1FDDDD1923AF39CA00953258 /* AppDelegate.swift */ = {isa = PBXFileReference; lastKnownFileType = sourcecode.swift; path = AppDelegate.swift; sourceTree = "<group>"; };
		1FDDDD1E23AF39CA00953258 /* Base */ = {isa = PBXFileReference; lastKnownFileType = file.storyboard; name = Base; path = Base.lproj/Main.storyboard; sourceTree = "<group>"; };
		1FDDDD2023AF39CA00953258 /* Assets.xcassets */ = {isa = PBXFileReference; lastKnownFileType = folder.assetcatalog; path = Assets.xcassets; sourceTree = "<group>"; };
		1FDDDD2323AF39CA00953258 /* Base */ = {isa = PBXFileReference; lastKnownFileType = file.storyboard; name = Base; path = Base.lproj/LaunchScreen.storyboard; sourceTree = "<group>"; };
		1FDDDD2523AF39CA00953258 /* Info.plist */ = {isa = PBXFileReference; lastKnownFileType = text.plist.xml; path = Info.plist; sourceTree = "<group>"; };
		1FDDDD2A23AF39CA00953258 /* MarketPulseCodingTestTests.xctest */ = {isa = PBXFileReference; explicitFileType = wrapper.cfbundle; includeInIndex = 0; path = MarketPulseCodingTestTests.xctest; sourceTree = BUILT_PRODUCTS_DIR; };
		1FDDDD2E23AF39CA00953258 /* MarketPulseCodingTestTests.swift */ = {isa = PBXFileReference; lastKnownFileType = sourcecode.swift; path = MarketPulseCodingTestTests.swift; sourceTree = "<group>"; };
		1FDDDD3023AF39CA00953258 /* Info.plist */ = {isa = PBXFileReference; lastKnownFileType = text.plist.xml; path = Info.plist; sourceTree = "<group>"; };
		1FDDDD3523AF39CA00953258 /* MarketPulseCodingTestUITests.xctest */ = {isa = PBXFileReference; explicitFileType = wrapper.cfbundle; includeInIndex = 0; path = MarketPulseCodingTestUITests.xctest; sourceTree = BUILT_PRODUCTS_DIR; };
		1FDDDD3923AF39CA00953258 /* MarketPulseCodingTestUITests.swift */ = {isa = PBXFileReference; lastKnownFileType = sourcecode.swift; path = MarketPulseCodingTestUITests.swift; sourceTree = "<group>"; };
		1FDDDD3B23AF39CA00953258 /* Info.plist */ = {isa = PBXFileReference; lastKnownFileType = text.plist.xml; path = Info.plist; sourceTree = "<group>"; };
		1FDDDD4A23AF3DAC00953258 /* FeedTVCell.swift */ = {isa = PBXFileReference; lastKnownFileType = sourcecode.swift; path = FeedTVCell.swift; sourceTree = "<group>"; };
		1FDDDD4C23AF3E1700953258 /* FeedTableViewController.swift */ = {isa = PBXFileReference; lastKnownFileType = sourcecode.swift; path = FeedTableViewController.swift; sourceTree = "<group>"; };
		1FDDDD5223AF409300953258 /* ApiClient.swift */ = {isa = PBXFileReference; lastKnownFileType = sourcecode.swift; path = ApiClient.swift; sourceTree = "<group>"; };
		1FDDDD5523AF46A400953258 /* RequestModel.swift */ = {isa = PBXFileReference; lastKnownFileType = sourcecode.swift; path = RequestModel.swift; sourceTree = "<group>"; };
		1FDDDD5823AF4F2700953258 /* FeedDetailViewController.swift */ = {isa = PBXFileReference; lastKnownFileType = sourcecode.swift; path = FeedDetailViewController.swift; sourceTree = "<group>"; };
/* End PBXFileReference section */

/* Begin PBXFrameworksBuildPhase section */
		1FDDDD1323AF39CA00953258 /* Frameworks */ = {
			isa = PBXFrameworksBuildPhase;
			buildActionMask = 2147483647;
			files = (
			);
			runOnlyForDeploymentPostprocessing = 0;
		};
		1FDDDD2723AF39CA00953258 /* Frameworks */ = {
			isa = PBXFrameworksBuildPhase;
			buildActionMask = 2147483647;
			files = (
			);
			runOnlyForDeploymentPostprocessing = 0;
		};
		1FDDDD3223AF39CA00953258 /* Frameworks */ = {
			isa = PBXFrameworksBuildPhase;
			buildActionMask = 2147483647;
			files = (
			);
			runOnlyForDeploymentPostprocessing = 0;
		};
/* End PBXFrameworksBuildPhase section */

/* Begin PBXGroup section */
		1FDDDD0D23AF39CA00953258 = {
			isa = PBXGroup;
			children = (
				1FDDDD1823AF39CA00953258 /* MarketPulseCodingTest */,
				1FDDDD5023AF3ED900953258 /* Resources & other files */,
				1FDDDD2D23AF39CA00953258 /* MarketPulseCodingTestTests */,
				1FDDDD3823AF39CA00953258 /* MarketPulseCodingTestUITests */,
				1FDDDD1723AF39CA00953258 /* Products */,
			);
			sourceTree = "<group>";
		};
		1FDDDD1723AF39CA00953258 /* Products */ = {
			isa = PBXGroup;
			children = (
				1FDDDD1623AF39CA00953258 /* MarketPulseCodingTest.app */,
				1FDDDD2A23AF39CA00953258 /* MarketPulseCodingTestTests.xctest */,
				1FDDDD3523AF39CA00953258 /* MarketPulseCodingTestUITests.xctest */,
			);
			name = Products;
			sourceTree = "<group>";
		};
		1FDDDD1823AF39CA00953258 /* MarketPulseCodingTest */ = {
			isa = PBXGroup;
			children = (
				1FDDDD2523AF39CA00953258 /* Info.plist */,
				1FDDDD5123AF3EFF00953258 /* Storyboards */,
				1FDDDD4F23AF3EC800953258 /* Root */,
				1FDDDD4E23AF3E1D00953258 /* Controllers */,
				1FDDDD4923AF3D8200953258 /* Cell Prototype */,
				1FDDDD5423AF468C00953258 /* Api Handlers */,
			);
			path = MarketPulseCodingTest;
			sourceTree = "<group>";
		};
		1FDDDD2D23AF39CA00953258 /* MarketPulseCodingTestTests */ = {
			isa = PBXGroup;
			children = (
				1FDDDD2E23AF39CA00953258 /* MarketPulseCodingTestTests.swift */,
				1FDDDD3023AF39CA00953258 /* Info.plist */,
			);
			path = MarketPulseCodingTestTests;
			sourceTree = "<group>";
		};
		1FDDDD3823AF39CA00953258 /* MarketPulseCodingTestUITests */ = {
			isa = PBXGroup;
			children = (
				1FDDDD3923AF39CA00953258 /* MarketPulseCodingTestUITests.swift */,
				1FDDDD3B23AF39CA00953258 /* Info.plist */,
			);
			path = MarketPulseCodingTestUITests;
			sourceTree = "<group>";
		};
		1FDDDD4923AF3D8200953258 /* Cell Prototype */ = {
			isa = PBXGroup;
			children = (
				1FDDDD4A23AF3DAC00953258 /* FeedTVCell.swift */,
			);
			path = "Cell Prototype";
			sourceTree = "<group>";
		};
		1FDDDD4E23AF3E1D00953258 /* Controllers */ = {
			isa = PBXGroup;
			children = (
				1FDDDD4C23AF3E1700953258 /* FeedTableViewController.swift */,
				1FDDDD5823AF4F2700953258 /* FeedDetailViewController.swift */,
			);
			path = Controllers;
			sourceTree = "<group>";
		};
		1FDDDD4F23AF3EC800953258 /* Root */ = {
			isa = PBXGroup;
			children = (
				1FDDDD1923AF39CA00953258 /* AppDelegate.swift */,
				1FDDDD2223AF39CA00953258 /* LaunchScreen.storyboard */,
			);
			path = Root;
			sourceTree = "<group>";
		};
		1FDDDD5023AF3ED900953258 /* Resources & other files */ = {
			isa = PBXGroup;
			children = (
				1FDDDD2023AF39CA00953258 /* Assets.xcassets */,
			);
			path = "Resources & other files";
			sourceTree = "<group>";
		};
		1FDDDD5123AF3EFF00953258 /* Storyboards */ = {
			isa = PBXGroup;
			children = (
				1FDDDD1D23AF39CA00953258 /* Main.storyboard */,
			);
			path = Storyboards;
			sourceTree = "<group>";
		};
		1FDDDD5423AF468C00953258 /* Api Handlers */ = {
			isa = PBXGroup;
			children = (
				1FDDDD5223AF409300953258 /* ApiClient.swift */,
				1FDDDD5523AF46A400953258 /* RequestModel.swift */,
			);
			path = "Api Handlers";
			sourceTree = "<group>";
		};
/* End PBXGroup section */

/* Begin PBXNativeTarget section */
		1FDDDD1523AF39CA00953258 /* MarketPulseCodingTest */ = {
			isa = PBXNativeTarget;
			buildConfigurationList = 1FDDDD3E23AF39CA00953258 /* Build configuration list for PBXNativeTarget "MarketPulseCodingTest" */;
			buildPhases = (
				1FDDDD1223AF39CA00953258 /* Sources */,
				1FDDDD1323AF39CA00953258 /* Frameworks */,
				1FDDDD1423AF39CA00953258 /* Resources */,
			);
			buildRules = (
			);
			dependencies = (
			);
			name = MarketPulseCodingTest;
			productName = MarketPulseCodingTest;
			productReference = 1FDDDD1623AF39CA00953258 /* MarketPulseCodingTest.app */;
			productType = "com.apple.product-type.application";
		};
		1FDDDD2923AF39CA00953258 /* MarketPulseCodingTestTests */ = {
			isa = PBXNativeTarget;
			buildConfigurationList = 1FDDDD4123AF39CA00953258 /* Build configuration list for PBXNativeTarget "MarketPulseCodingTestTests" */;
			buildPhases = (
				1FDDDD2623AF39CA00953258 /* Sources */,
				1FDDDD2723AF39CA00953258 /* Frameworks */,
				1FDDDD2823AF39CA00953258 /* Resources */,
			);
			buildRules = (
			);
			dependencies = (
				1FDDDD2C23AF39CA00953258 /* PBXTargetDependency */,
			);
			name = MarketPulseCodingTestTests;
			productName = MarketPulseCodingTestTests;
			productReference = 1FDDDD2A23AF39CA00953258 /* MarketPulseCodingTestTests.xctest */;
			productType = "com.apple.product-type.bundle.unit-test";
		};
		1FDDDD3423AF39CA00953258 /* MarketPulseCodingTestUITests */ = {
			isa = PBXNativeTarget;
			buildConfigurationList = 1FDDDD4423AF39CA00953258 /* Build configuration list for PBXNativeTarget "MarketPulseCodingTestUITests" */;
			buildPhases = (
				1FDDDD3123AF39CA00953258 /* Sources */,
				1FDDDD3223AF39CA00953258 /* Frameworks */,
				1FDDDD3323AF39CA00953258 /* Resources */,
			);
			buildRules = (
			);
			dependencies = (
				1FDDDD3723AF39CA00953258 /* PBXTargetDependency */,
			);
			name = MarketPulseCodingTestUITests;
			productName = MarketPulseCodingTestUITests;
			productReference = 1FDDDD3523AF39CA00953258 /* MarketPulseCodingTestUITests.xctest */;
			productType = "com.apple.product-type.bundle.ui-testing";
		};
/* End PBXNativeTarget section */

/* Begin PBXProject section */
		1FDDDD0E23AF39CA00953258 /* Project object */ = {
			isa = PBXProject;
			attributes = {
				LastSwiftUpdateCheck = 1030;
				LastUpgradeCheck = 1030;
				ORGANIZATIONNAME = MarketPulse;
				TargetAttributes = {
					1FDDDD1523AF39CA00953258 = {
						CreatedOnToolsVersion = 10.3;
					};
					1FDDDD2923AF39CA00953258 = {
						CreatedOnToolsVersion = 10.3;
						TestTargetID = 1FDDDD1523AF39CA00953258;
					};
					1FDDDD3423AF39CA00953258 = {
						CreatedOnToolsVersion = 10.3;
						TestTargetID = 1FDDDD1523AF39CA00953258;
					};
				};
			};
			buildConfigurationList = 1FDDDD1123AF39CA00953258 /* Build configuration list for PBXProject "MarketPulseCodingTest" */;
			compatibilityVersion = "Xcode 9.3";
			developmentRegion = en;
			hasScannedForEncodings = 0;
			knownRegions = (
				en,
				Base,
			);
			mainGroup = 1FDDDD0D23AF39CA00953258;
			productRefGroup = 1FDDDD1723AF39CA00953258 /* Products */;
			projectDirPath = "";
			projectRoot = "";
			targets = (
				1FDDDD1523AF39CA00953258 /* MarketPulseCodingTest */,
				1FDDDD2923AF39CA00953258 /* MarketPulseCodingTestTests */,
				1FDDDD3423AF39CA00953258 /* MarketPulseCodingTestUITests */,
			);
		};
/* End PBXProject section */

/* Begin PBXResourcesBuildPhase section */
		1FDDDD1423AF39CA00953258 /* Resources */ = {
			isa = PBXResourcesBuildPhase;
			buildActionMask = 2147483647;
			files = (
				1FDDDD2423AF39CA00953258 /* LaunchScreen.storyboard in Resources */,
				1FDDDD2123AF39CA00953258 /* Assets.xcassets in Resources */,
				1FDDDD1F23AF39CA00953258 /* Main.storyboard in Resources */,
			);
			runOnlyForDeploymentPostprocessing = 0;
		};
		1FDDDD2823AF39CA00953258 /* Resources */ = {
			isa = PBXResourcesBuildPhase;
			buildActionMask = 2147483647;
			files = (
			);
			runOnlyForDeploymentPostprocessing = 0;
		};
		1FDDDD3323AF39CA00953258 /* Resources */ = {
			isa = PBXResourcesBuildPhase;
			buildActionMask = 2147483647;
			files = (
			);
			runOnlyForDeploymentPostprocessing = 0;
		};
/* End PBXResourcesBuildPhase section */

/* Begin PBXSourcesBuildPhase section */
		1FDDDD1223AF39CA00953258 /* Sources */ = {
			isa = PBXSourcesBuildPhase;
			buildActionMask = 2147483647;
			files = (
				1FDDDD5623AF46A400953258 /* RequestModel.swift in Sources */,
				1FDDDD5923AF4F2700953258 /* FeedDetailViewController.swift in Sources */,
				1FDDDD4B23AF3DAC00953258 /* FeedTVCell.swift in Sources */,
				1FDDDD4D23AF3E1700953258 /* FeedTableViewController.swift in Sources */,
				1FDDDD1A23AF39CA00953258 /* AppDelegate.swift in Sources */,
				1FDDDD5323AF409300953258 /* ApiClient.swift in Sources */,
			);
			runOnlyForDeploymentPostprocessing = 0;
		};
		1FDDDD2623AF39CA00953258 /* Sources */ = {
			isa = PBXSourcesBuildPhase;
			buildActionMask = 2147483647;
			files = (
				1FDDDD2F23AF39CA00953258 /* MarketPulseCodingTestTests.swift in Sources */,
			);
			runOnlyForDeploymentPostprocessing = 0;
		};
		1FDDDD3123AF39CA00953258 /* Sources */ = {
			isa = PBXSourcesBuildPhase;
			buildActionMask = 2147483647;
			files = (
				1FDDDD3A23AF39CA00953258 /* MarketPulseCodingTestUITests.swift in Sources */,
			);
			runOnlyForDeploymentPostprocessing = 0;
		};
/* End PBXSourcesBuildPhase section */

/* Begin PBXTargetDependency section */
		1FDDDD2C23AF39CA00953258 /* PBXTargetDependency */ = {
			isa = PBXTargetDependency;
			target = 1FDDDD1523AF39CA00953258 /* MarketPulseCodingTest */;
			targetProxy = 1FDDDD2B23AF39CA00953258 /* PBXContainerItemProxy */;
		};
		1FDDDD3723AF39CA00953258 /* PBXTargetDependency */ = {
			isa = PBXTargetDependency;
			target = 1FDDDD1523AF39CA00953258 /* MarketPulseCodingTest */;
			targetProxy = 1FDDDD3623AF39CA00953258 /* PBXContainerItemProxy */;
		};
/* End PBXTargetDependency section */

/* Begin PBXVariantGroup section */
		1FDDDD1D23AF39CA00953258 /* Main.storyboard */ = {
			isa = PBXVariantGroup;
			children = (
				1FDDDD1E23AF39CA00953258 /* Base */,
			);
			name = Main.storyboard;
			sourceTree = "<group>";
		};
		1FDDDD2223AF39CA00953258 /* LaunchScreen.storyboard */ = {
			isa = PBXVariantGroup;
			children = (
				1FDDDD2323AF39CA00953258 /* Base */,
			);
			name = LaunchScreen.storyboard;
			sourceTree = "<group>";
		};
/* End PBXVariantGroup section */

/* Begin XCBuildConfiguration section */
		1FDDDD3C23AF39CA00953258 /* Debug */ = {
			isa = XCBuildConfiguration;
			buildSettings = {
				ALWAYS_SEARCH_USER_PATHS = NO;
				CLANG_ANALYZER_NONNULL = YES;
				CLANG_ANALYZER_NUMBER_OBJECT_CONVERSION = YES_AGGRESSIVE;
				CLANG_CXX_LANGUAGE_STANDARD = "gnu++14";
				CLANG_CXX_LIBRARY = "libc++";
				CLANG_ENABLE_MODULES = YES;
				CLANG_ENABLE_OBJC_ARC = YES;
				CLANG_ENABLE_OBJC_WEAK = YES;
				CLANG_WARN_BLOCK_CAPTURE_AUTORELEASING = YES;
				CLANG_WARN_BOOL_CONVERSION = YES;
				CLANG_WARN_COMMA = YES;
				CLANG_WARN_CONSTANT_CONVERSION = YES;
				CLANG_WARN_DEPRECATED_OBJC_IMPLEMENTATIONS = YES;
				CLANG_WARN_DIRECT_OBJC_ISA_USAGE = YES_ERROR;
				CLANG_WARN_DOCUMENTATION_COMMENTS = YES;
				CLANG_WARN_EMPTY_BODY = YES;
				CLANG_WARN_ENUM_CONVERSION = YES;
				CLANG_WARN_INFINITE_RECURSION = YES;
				CLANG_WARN_INT_CONVERSION = YES;
				CLANG_WARN_NON_LITERAL_NULL_CONVERSION = YES;
				CLANG_WARN_OBJC_IMPLICIT_RETAIN_SELF = YES;
				CLANG_WARN_OBJC_LITERAL_CONVERSION = YES;
				CLANG_WARN_OBJC_ROOT_CLASS = YES_ERROR;
				CLANG_WARN_RANGE_LOOP_ANALYSIS = YES;
				CLANG_WARN_STRICT_PROTOTYPES = YES;
				CLANG_WARN_SUSPICIOUS_MOVE = YES;
				CLANG_WARN_UNGUARDED_AVAILABILITY = YES_AGGRESSIVE;
				CLANG_WARN_UNREACHABLE_CODE = YES;
				CLANG_WARN__DUPLICATE_METHOD_MATCH = YES;
				CODE_SIGN_IDENTITY = "iPhone Developer";
				COPY_PHASE_STRIP = NO;
				DEBUG_INFORMATION_FORMAT = dwarf;
				ENABLE_STRICT_OBJC_MSGSEND = YES;
				ENABLE_TESTABILITY = YES;
				GCC_C_LANGUAGE_STANDARD = gnu11;
				GCC_DYNAMIC_NO_PIC = NO;
				GCC_NO_COMMON_BLOCKS = YES;
				GCC_OPTIMIZATION_LEVEL = 0;
				GCC_PREPROCESSOR_DEFINITIONS = (
					"DEBUG=1",
					"$(inherited)",
				);
				GCC_WARN_64_TO_32_BIT_CONVERSION = YES;
				GCC_WARN_ABOUT_RETURN_TYPE = YES_ERROR;
				GCC_WARN_UNDECLARED_SELECTOR = YES;
				GCC_WARN_UNINITIALIZED_AUTOS = YES_AGGRESSIVE;
				GCC_WARN_UNUSED_FUNCTION = YES;
				GCC_WARN_UNUSED_VARIABLE = YES;
				IPHONEOS_DEPLOYMENT_TARGET = 12.4;
				MTL_ENABLE_DEBUG_INFO = INCLUDE_SOURCE;
				MTL_FAST_MATH = YES;
				ONLY_ACTIVE_ARCH = YES;
				SDKROOT = iphoneos;
				SWIFT_ACTIVE_COMPILATION_CONDITIONS = DEBUG;
				SWIFT_OPTIMIZATION_LEVEL = "-Onone";
			};
			name = Debug;
		};
		1FDDDD3D23AF39CA00953258 /* Release */ = {
			isa = XCBuildConfiguration;
			buildSettings = {
				ALWAYS_SEARCH_USER_PATHS = NO;
				CLANG_ANALYZER_NONNULL = YES;
				CLANG_ANALYZER_NUMBER_OBJECT_CONVERSION = YES_AGGRESSIVE;
				CLANG_CXX_LANGUAGE_STANDARD = "gnu++14";
				CLANG_CXX_LIBRARY = "libc++";
				CLANG_ENABLE_MODULES = YES;
				CLANG_ENABLE_OBJC_ARC = YES;
				CLANG_ENABLE_OBJC_WEAK = YES;
				CLANG_WARN_BLOCK_CAPTURE_AUTORELEASING = YES;
				CLANG_WARN_BOOL_CONVERSION = YES;
				CLANG_WARN_COMMA = YES;
				CLANG_WARN_CONSTANT_CONVERSION = YES;
				CLANG_WARN_DEPRECATED_OBJC_IMPLEMENTATIONS = YES;
				CLANG_WARN_DIRECT_OBJC_ISA_USAGE = YES_ERROR;
				CLANG_WARN_DOCUMENTATION_COMMENTS = YES;
				CLANG_WARN_EMPTY_BODY = YES;
				CLANG_WARN_ENUM_CONVERSION = YES;
				CLANG_WARN_INFINITE_RECURSION = YES;
				CLANG_WARN_INT_CONVERSION = YES;
				CLANG_WARN_NON_LITERAL_NULL_CONVERSION = YES;
				CLANG_WARN_OBJC_IMPLICIT_RETAIN_SELF = YES;
				CLANG_WARN_OBJC_LITERAL_CONVERSION = YES;
				CLANG_WARN_OBJC_ROOT_CLASS = YES_ERROR;
				CLANG_WARN_RANGE_LOOP_ANALYSIS = YES;
				CLANG_WARN_STRICT_PROTOTYPES = YES;
				CLANG_WARN_SUSPICIOUS_MOVE = YES;
				CLANG_WARN_UNGUARDED_AVAILABILITY = YES_AGGRESSIVE;
				CLANG_WARN_UNREACHABLE_CODE = YES;
				CLANG_WARN__DUPLICATE_METHOD_MATCH = YES;
				CODE_SIGN_IDENTITY = "iPhone Developer";
				COPY_PHASE_STRIP = NO;
				DEBUG_INFORMATION_FORMAT = "dwarf-with-dsym";
				ENABLE_NS_ASSERTIONS = NO;
				ENABLE_STRICT_OBJC_MSGSEND = YES;
				GCC_C_LANGUAGE_STANDARD = gnu11;
				GCC_NO_COMMON_BLOCKS = YES;
				GCC_WARN_64_TO_32_BIT_CONVERSION = YES;
				GCC_WARN_ABOUT_RETURN_TYPE = YES_ERROR;
				GCC_WARN_UNDECLARED_SELECTOR = YES;
				GCC_WARN_UNINITIALIZED_AUTOS = YES_AGGRESSIVE;
				GCC_WARN_UNUSED_FUNCTION = YES;
				GCC_WARN_UNUSED_VARIABLE = YES;
				IPHONEOS_DEPLOYMENT_TARGET = 12.4;
				MTL_ENABLE_DEBUG_INFO = NO;
				MTL_FAST_MATH = YES;
				SDKROOT = iphoneos;
				SWIFT_COMPILATION_MODE = wholemodule;
				SWIFT_OPTIMIZATION_LEVEL = "-O";
				VALIDATE_PRODUCT = YES;
			};
			name = Release;
		};
		1FDDDD3F23AF39CA00953258 /* Debug */ = {
			isa = XCBuildConfiguration;
			buildSettings = {
				ASSETCATALOG_COMPILER_APPICON_NAME = AppIcon;
				CODE_SIGN_STYLE = Automatic;
				INFOPLIST_FILE = MarketPulseCodingTest/Info.plist;
				LD_RUNPATH_SEARCH_PATHS = (
					"$(inherited)",
					"@executable_path/Frameworks",
				);
				PRODUCT_BUNDLE_IDENTIFIER = com.MarketPulse.CodingTest.MarketPulseCodingTest;
				PRODUCT_NAME = "$(TARGET_NAME)";
				SWIFT_VERSION = 5.0;
				TARGETED_DEVICE_FAMILY = "1,2";
			};
			name = Debug;
		};
		1FDDDD4023AF39CA00953258 /* Release */ = {
			isa = XCBuildConfiguration;
			buildSettings = {
				ASSETCATALOG_COMPILER_APPICON_NAME = AppIcon;
				CODE_SIGN_STYLE = Automatic;
				INFOPLIST_FILE = MarketPulseCodingTest/Info.plist;
				LD_RUNPATH_SEARCH_PATHS = (
					"$(inherited)",
					"@executable_path/Frameworks",
				);
				PRODUCT_BUNDLE_IDENTIFIER = com.MarketPulse.CodingTest.MarketPulseCodingTest;
				PRODUCT_NAME = "$(TARGET_NAME)";
				SWIFT_VERSION = 5.0;
				TARGETED_DEVICE_FAMILY = "1,2";
			};
			name = Release;
		};
		1FDDDD4223AF39CA00953258 /* Debug */ = {
			isa = XCBuildConfiguration;
			buildSettings = {
				ALWAYS_EMBED_SWIFT_STANDARD_LIBRARIES = YES;
				BUNDLE_LOADER = "$(TEST_HOST)";
				CODE_SIGN_STYLE = Automatic;
				INFOPLIST_FILE = MarketPulseCodingTestTests/Info.plist;
				LD_RUNPATH_SEARCH_PATHS = (
					"$(inherited)",
					"@executable_path/Frameworks",
					"@loader_path/Frameworks",
				);
				PRODUCT_BUNDLE_IDENTIFIER = com.MarketPulse.CodingTest.MarketPulseCodingTestTests;
				PRODUCT_NAME = "$(TARGET_NAME)";
				SWIFT_VERSION = 5.0;
				TARGETED_DEVICE_FAMILY = "1,2";
				TEST_HOST = "$(BUILT_PRODUCTS_DIR)/MarketPulseCodingTest.app/MarketPulseCodingTest";
			};
			name = Debug;
		};
		1FDDDD4323AF39CA00953258 /* Release */ = {
			isa = XCBuildConfiguration;
			buildSettings = {
				ALWAYS_EMBED_SWIFT_STANDARD_LIBRARIES = YES;
				BUNDLE_LOADER = "$(TEST_HOST)";
				CODE_SIGN_STYLE = Automatic;
				INFOPLIST_FILE = MarketPulseCodingTestTests/Info.plist;
				LD_RUNPATH_SEARCH_PATHS = (
					"$(inherited)",
					"@executable_path/Frameworks",
					"@loader_path/Frameworks",
				);
				PRODUCT_BUNDLE_IDENTIFIER = com.MarketPulse.CodingTest.MarketPulseCodingTestTests;
				PRODUCT_NAME = "$(TARGET_NAME)";
				SWIFT_VERSION = 5.0;
				TARGETED_DEVICE_FAMILY = "1,2";
				TEST_HOST = "$(BUILT_PRODUCTS_DIR)/MarketPulseCodingTest.app/MarketPulseCodingTest";
			};
			name = Release;
		};
		1FDDDD4523AF39CA00953258 /* Debug */ = {
			isa = XCBuildConfiguration;
			buildSettings = {
				ALWAYS_EMBED_SWIFT_STANDARD_LIBRARIES = YES;
				CODE_SIGN_STYLE = Automatic;
				INFOPLIST_FILE = MarketPulseCodingTestUITests/Info.plist;
				LD_RUNPATH_SEARCH_PATHS = (
					"$(inherited)",
					"@executable_path/Frameworks",
					"@loader_path/Frameworks",
				);
				PRODUCT_BUNDLE_IDENTIFIER = com.MarketPulse.CodingTest.MarketPulseCodingTestUITests;
				PRODUCT_NAME = "$(TARGET_NAME)";
				SWIFT_VERSION = 5.0;
				TARGETED_DEVICE_FAMILY = "1,2";
				TEST_TARGET_NAME = MarketPulseCodingTest;
			};
			name = Debug;
		};
		1FDDDD4623AF39CA00953258 /* Release */ = {
			isa = XCBuildConfiguration;
			buildSettings = {
				ALWAYS_EMBED_SWIFT_STANDARD_LIBRARIES = YES;
				CODE_SIGN_STYLE = Automatic;
				INFOPLIST_FILE = MarketPulseCodingTestUITests/Info.plist;
				LD_RUNPATH_SEARCH_PATHS = (
					"$(inherited)",
					"@executable_path/Frameworks",
					"@loader_path/Frameworks",
				);
				PRODUCT_BUNDLE_IDENTIFIER = com.MarketPulse.CodingTest.MarketPulseCodingTestUITests;
				PRODUCT_NAME = "$(TARGET_NAME)";
				SWIFT_VERSION = 5.0;
				TARGETED_DEVICE_FAMILY = "1,2";
				TEST_TARGET_NAME = MarketPulseCodingTest;
			};
			name = Release;
		};
/* End XCBuildConfiguration section */

/* Begin XCConfigurationList section */
		1FDDDD1123AF39CA00953258 /* Build configuration list for PBXProject "MarketPulseCodingTest" */ = {
			isa = XCConfigurationList;
			buildConfigurations = (
				1FDDDD3C23AF39CA00953258 /* Debug */,
				1FDDDD3D23AF39CA00953258 /* Release */,
			);
			defaultConfigurationIsVisible = 0;
			defaultConfigurationName = Release;
		};
		1FDDDD3E23AF39CA00953258 /* Build configuration list for PBXNativeTarget "MarketPulseCodingTest" */ = {
			isa = XCConfigurationList;
			buildConfigurations = (
				1FDDDD3F23AF39CA00953258 /* Debug */,
				1FDDDD4023AF39CA00953258 /* Release */,
			);
			defaultConfigurationIsVisible = 0;
			defaultConfigurationName = Release;
		};
		1FDDDD4123AF39CA00953258 /* Build configuration list for PBXNativeTarget "MarketPulseCodingTestTests" */ = {
			isa = XCConfigurationList;
			buildConfigurations = (
				1FDDDD4223AF39CA00953258 /* Debug */,
				1FDDDD4323AF39CA00953258 /* Release */,
			);
			defaultConfigurationIsVisible = 0;
			defaultConfigurationName = Release;
		};
		1FDDDD4423AF39CA00953258 /* Build configuration list for PBXNativeTarget "MarketPulseCodingTestUITests" */ = {
			isa = XCConfigurationList;
			buildConfigurations = (
				1FDDDD4523AF39CA00953258 /* Debug */,
				1FDDDD4623AF39CA00953258 /* Release */,
			);
			defaultConfigurationIsVisible = 0;
			defaultConfigurationName = Release;
		};
/* End XCConfigurationList section */
	};
	rootObject = 1FDDDD0E23AF39CA00953258 /* Project object */;
}
